<?xml version="1.0" encoding="utf-8"?>
<Project ToolsVersion="4.0" xmlns="http://schemas.microsoft.com/developer/msbuild/2003">
  <ItemGroup>
    <Filter Include="Source Files">
      <UniqueIdentifier>{4FC737F1-C7A5-4376-A066-2A32D752A2FF}</UniqueIdentifier>
      <Extensions>cpp;c;cc;cxx;c++;cppm;ixx;def;odl;idl;hpj;bat;asm;asmx</Extensions>
    </Filter>
    <Filter Include="Header Files">
      <UniqueIdentifier>{93995380-89BD-4b04-88EB-625FBE52EBFB}</UniqueIdentifier>
      <Extensions>h;hh;hpp;hxx;h++;hm;inl;inc;ipp;xsd</Extensions>
    </Filter>
    <Filter Include="Resource Files">
      <UniqueIdentifier>{67DA6AB6-F800-4c08-8B7A-83BB121AAD01}</UniqueIdentifier>
      <Extensions>rc;ico;cur;bmp;dlg;rc2;rct;bin;rgs;gif;jpg;jpeg;jpe;resx;tiff;tif;png;wav;mfcribbon-ms</Extensions>
    </Filter>
  </ItemGroup>
  <ItemGroup>
    <ClInclude Include="include\core\dispatch\dispatch.hpp">
      <Filter>Header Files</Filter>
    </ClInclude>
    <ClInclude Include="include\core\features\features.hpp">
      <Filter>Header Files</Filter>
    </ClInclude>
    <ClInclude Include="include\core\menu\menu.hpp">
      <Filter>Header Files</Filter>
    </ClInclude>
    <ClInclude Include="include\core\overlay\overlay.hpp">
      <Filter>Header Files</Filter>
    </ClInclude>
    <ClInclude Include="include\core\sdk\dependent\math.hpp">
      <Filter>Header Files</Filter>
    </ClInclude>
    <ClInclude Include="include\core\sdk\sdk.hpp">
      <Filter>Header Files</Filter>
    </ClInclude>
    <ClInclude Include="include\core\updater\udata.hpp">
      <Filter>Header Files</Filter>
    </ClInclude>
    <ClInclude Include="include\core\updater\updater.hpp">
      <Filter>Header Files</Filter>
    </ClInclude>
    <ClInclude Include="include\core\core.hpp">
      <Filter>Header Files</Filter>
    </ClInclude>
    <ClInclude Include="include\util\external\imgui\backend\imgui_impl_dx11.h">
      <Filter>Header Files</Filter>
    </ClInclude>
    <ClInclude Include="include\util\external\imgui\backend\imgui_impl_win32.h">
      <Filter>Header Files</Filter>
    </ClInclude>
    <ClInclude Include="include\util\external\imgui\imgui.h">
      <Filter>Header Files</Filter>
    </ClInclude>
    <ClInclude Include="include\util\external\imgui\imgui_internal.h">
      <Filter>Header Files</Filter>
    </ClInclude>
    <ClInclude Include="include\util\external\imgui\imstb_rectpack.h">
      <Filter>Header Files</Filter>
    </ClInclude>
    <ClInclude Include="include\util\external\imgui\imstb_textedit.h">
      <Filter>Header Files</Filter>
    </ClInclude>
    <ClInclude Include="include\util\external\imgui\imstb_truetype.h">
      <Filter>Header Files</Filter>
    </ClInclude>
    <ClInclude Include="include\util\external\obfusheader.hpp">
      <Filter>Header Files</Filter>
    </ClInclude>
    <ClInclude Include="include\util\external\ecrypter.hpp">
      <Filter>Header Files</Filter>
    </ClInclude>
    <ClInclude Include="include\util\memory\memory.hpp">
      <Filter>Header Files</Filter>
    </ClInclude>
    <ClInclude Include="include\util\shadow\shadow.hpp">
      <Filter>Header Files</Filter>
    </ClInclude>
    <ClInclude Include="include\util\util.hpp">
      <Filter>Header Files</Filter>
    </ClInclude>
    <ClInclude Include="include\global.hpp">
      <Filter>Header Files</Filter>
    </ClInclude>
    <ClInclude Include="include\util\external\fonts\proggy_tiny.hpp">
      <Filter>Header Files</Filter>
    </ClInclude>
    <ClInclude Include="include\util\external\fonts\tahoma_bold.hpp">
      <Filter>Header Files</Filter>
    </ClInclude>
    <ClInclude Include="include\util\dbs\offset_db\offset_db.hpp">
      <Filter>Header Files</Filter>
    </ClInclude>
    <ClInclude Include="include\core\sdk\dependent\raycasting\raycasting.hpp">
      <Filter>Header Files</Filter>
    </ClInclude>
    <ClInclude Include="include\util\dbs\skin_db\skin_db.hpp">
      <Filter>Header Files</Filter>
    </ClInclude>
    <ClInclude Include="include\util\external\json.hpp">
      <Filter>Header Files</Filter>
    </ClInclude>
    <ClInclude Include="include\util\dbs\offsets.hpp">
      <Filter>Header Files</Filter>
    </ClInclude>
    <ClInclude Include="include\util\dbs\skins.hpp">
      <Filter>Header Files</Filter>
    </ClInclude>
    <ClInclude Include="include\util\external\unordered_dense.hpp">
      <Filter>Header Files</Filter>
    </ClInclude>
  </ItemGroup>
  <ItemGroup>
    <ClCompile Include="src\core\dispatch\dispatch.cpp">
      <Filter>Source Files</Filter>
    </ClCompile>
    <ClCompile Include="src\core\features\features.cpp">
      <Filter>Source Files</Filter>
    </ClCompile>
    <ClCompile Include="src\core\menu\menu.cpp">
      <Filter>Source Files</Filter>
    </ClCompile>
    <ClCompile Include="src\core\overlay\overlay.cpp">
      <Filter>Source Files</Filter>
    </ClCompile>
    <ClCompile Include="src\core\sdk\sdk.cpp">
      <Filter>Source Files</Filter>
    </ClCompile>
    <ClCompile Include="src\core\updater\updater.cpp">
      <Filter>Source Files</Filter>
    </ClCompile>
    <ClCompile Include="src\core\core.cpp">
      <Filter>Source Files</Filter>
    </ClCompile>
    <ClCompile Include="src\util\external\imgui\backend\imgui_impl_dx11.cpp">
      <Filter>Source Files</Filter>
    </ClCompile>
    <ClCompile Include="src\util\external\imgui\backend\imgui_impl_win32.cpp">
      <Filter>Source Files</Filter>
    </ClCompile>
    <ClCompile Include="src\util\external\imgui\imgui.cpp">
      <Filter>Source Files</Filter>
    </ClCompile>
    <ClCompile Include="src\util\external\imgui\imgui_draw.cpp">
      <Filter>Source Files</Filter>
    </ClCompile>
    <ClCompile Include="src\util\external\imgui\imgui_tables.cpp">
      <Filter>Source Files</Filter>
    </ClCompile>
    <ClCompile Include="src\util\external\imgui\imgui_widgets.cpp">
      <Filter>Source Files</Filter>
    </ClCompile>
    <ClCompile Include="src\util\memory\memory.cpp">
      <Filter>Source Files</Filter>
    </ClCompile>
    <ClCompile Include="src\util\shadow\shadow.cpp">
      <Filter>Source Files</Filter>
    </ClCompile>
    <ClCompile Include="src\util\util.cpp">
      <Filter>Source Files</Filter>
    </ClCompile>
    <ClCompile Include="src\util\dbs\offset_db\offset_db.cpp">
      <Filter>Source Files</Filter>
    </ClCompile>
    <ClCompile Include="src\core\sdk\dependent\raycasting\raycasting.cpp">
      <Filter>Source Files</Filter>
    </ClCompile>
    <ClCompile Include="src\util\dbs\skin_db\skin_db.cpp">
      <Filter>Source Files</Filter>
    </ClCompile>
  </ItemGroup>
</Project>